
Microsoft Visual Studio Solution File, Format Version 12.00
# Visual Studio Version 17
VisualStudioVersion = 17.13.35818.85 d17.13
MinimumVisualStudioVersion = 10.0.40219.1
Project("{FAE04EC0-301F-11D3-BF4B-00C04F79EFBC}") = "mf-dev-backend-25", "mf-dev-backend-25\mf-dev-backend-25.csproj", "{A54EFFC6-D70F-48EE-B9F1-DA0574E088FA}"
EndProject
Global
	GlobalSection(SolutionConfigurationPlatforms) = preSolution
		Debug|Any CPU = Debug|Any CPU
		Release|Any CPU = Release|Any CPU
	EndGlobalSection
	GlobalSection(ProjectConfigurationPlatforms) = postSolution
		{A54EFFC6-D70F-48EE-B9F1-DA0574E088FA}.Debug|Any CPU.ActiveCfg = Debug|Any CPU
		{A54EFFC6-D70F-48EE-B9F1-DA0574E088FA}.Debug|Any CPU.Build.0 = Debug|Any CPU
		{A54EFFC6-D70F-48EE-B9F1-DA0574E088FA}.Release|Any CPU.ActiveCfg = Release|Any CPU
		{A54EFFC6-D70F-48EE-B9F1-DA0574E088FA}.Release|Any CPU.Build.0 = Release|Any CPU
	EndGlobalSection
	GlobalSection(SolutionProperties) = preSolution
		HideSolutionNode = FALSE
	EndGlobalSection
	GlobalSection(ExtensibilityGlobals) = postSolution
		SolutionGuid = {B78B31CC-CF3E-4F6A-BB8B-95FBDCD9C5DB}
	EndGlobalSection
EndGlobal
